
Microsoft Visual Studio Solution File, Format Version 12.00
Project("{FAE04EC0-301F-11D3-BF4B-00C04F79EFBC}") = "_Logger_.Library", "_Logger_.Library\_Logger_.Library.csproj", "{93F18621-8E64-4712-BB5C-C683C4A2EB8C}"
EndProject
Project("{FAE04EC0-301F-11D3-BF4B-00C04F79EFBC}") = "_Logger_.ConsoleTest", "_Logger_.ConsoleTest\_Logger_.ConsoleTest.csproj", "{FD441199-1DA7-4FD2-844F-A4AFEC86B362}"
EndProject
Global
	GlobalSection(SolutionConfigurationPlatforms) = preSolution
		Debug|Any CPU = Debug|Any CPU
		Release|Any CPU = Release|Any CPU
	EndGlobalSection
	GlobalSection(ProjectConfigurationPlatforms) = postSolution
		{93F18621-8E64-4712-BB5C-C683C4A2EB8C}.Debug|Any CPU.ActiveCfg = Debug|Any CPU
		{93F18621-8E64-4712-BB5C-C683C4A2EB8C}.Debug|Any CPU.Build.0 = Debug|Any CPU
		{93F18621-8E64-4712-BB5C-C683C4A2EB8C}.Release|Any CPU.ActiveCfg = Release|Any CPU
		{93F18621-8E64-4712-BB5C-C683C4A2EB8C}.Release|Any CPU.Build.0 = Release|Any CPU
		{FD441199-1DA7-4FD2-844F-A4AFEC86B362}.Debug|Any CPU.ActiveCfg = Debug|Any CPU
		{FD441199-1DA7-4FD2-844F-A4AFEC86B362}.Debug|Any CPU.Build.0 = Debug|Any CPU
		{FD441199-1DA7-4FD2-844F-A4AFEC86B362}.Release|Any CPU.ActiveCfg = Release|Any CPU
		{FD441199-1DA7-4FD2-844F-A4AFEC86B362}.Release|Any CPU.Build.0 = Release|Any CPU
	EndGlobalSection
EndGlobal
